
Microsoft Visual Studio Solution File, Format Version 12.00
# Visual Studio 14
VisualStudioVersion = 14.0.25420.1
MinimumVisualStudioVersion = 10.0.40219.1
Project("{FAE04EC0-301F-11D3-BF4B-00C04F79EFBC}") = "TimeKeeper", "TimeKeeper.csproj", "{E2E8698E-4CD9-46AD-BAA6-265D52F40A50}"
	ProjectSection(ProjectDependencies) = postProject
		{0953F59B-FFF2-4140-884D-49F625FE4CFE} = {0953F59B-FFF2-4140-884D-49F625FE4CFE}
	EndProjectSection
EndProject
Project("{FAE04EC0-301F-11D3-BF4B-00C04F79EFBC}") = "TestTimeKeeper", "..\TestTimeKeeper\TestTimeKeeper.csproj", "{27DC6860-A20A-43D5-A3BE-84195ECD940D}"
EndProject
Project("{FAE04EC0-301F-11D3-BF4B-00C04F79EFBC}") = "TimeKeeper.Agent", "..\TimeKeeper.Agent\TimeKeeper.Agent.csproj", "{9CA97A10-2A49-4383-894C-828D4C75B60F}"
	ProjectSection(ProjectDependencies) = postProject
		{1ED2194F-3B91-4772-B37A-2D27C18AD0F2} = {1ED2194F-3B91-4772-B37A-2D27C18AD0F2}
	EndProjectSection
EndProject
Project("{FAE04EC0-301F-11D3-BF4B-00C04F79EFBC}") = "TimeKeeper.Core", "..\TimeKeeper.Core\TimeKeeper.Core.csproj", "{1ED2194F-3B91-4772-B37A-2D27C18AD0F2}"
EndProject
Project("{FAE04EC0-301F-11D3-BF4B-00C04F79EFBC}") = "TimeKeeper.WCFAdapter", "..\TimeKeeper.WCFProxy\TimeKeeper.WCFAdapter.csproj", "{0953F59B-FFF2-4140-884D-49F625FE4CFE}"
EndProject
Project("{888888A0-9F3D-457C-B088-3A5042F75D52}") = "TimeKeeper.TodoistAdapter", "..\TimeKeeper.TodoistAdapter\TimeKeeper.TodoistAdapter.pyproj", "{46B41897-93EB-4F8A-86D9-D6B0A2542018}"
EndProject
Global
	GlobalSection(SolutionConfigurationPlatforms) = preSolution
		Debug|Any CPU = Debug|Any CPU
		Debug|ARM = Debug|ARM
		Debug|Mixed Platforms = Debug|Mixed Platforms
		Debug|x86 = Debug|x86
		Release|Any CPU = Release|Any CPU
		Release|ARM = Release|ARM
		Release|Mixed Platforms = Release|Mixed Platforms
		Release|x86 = Release|x86
	EndGlobalSection
	GlobalSection(ProjectConfigurationPlatforms) = postSolution
		{E2E8698E-4CD9-46AD-BAA6-265D52F40A50}.Debug|Any CPU.ActiveCfg = Debug|Any CPU
		{E2E8698E-4CD9-46AD-BAA6-265D52F40A50}.Debug|Any CPU.Build.0 = Debug|Any CPU
		{E2E8698E-4CD9-46AD-BAA6-265D52F40A50}.Debug|Any CPU.Deploy.0 = Debug|Any CPU
		{E2E8698E-4CD9-46AD-BAA6-265D52F40A50}.Debug|ARM.ActiveCfg = Debug|ARM
		{E2E8698E-4CD9-46AD-BAA6-265D52F40A50}.Debug|ARM.Build.0 = Debug|ARM
		{E2E8698E-4CD9-46AD-BAA6-265D52F40A50}.Debug|ARM.Deploy.0 = Debug|ARM
		{E2E8698E-4CD9-46AD-BAA6-265D52F40A50}.Debug|Mixed Platforms.ActiveCfg = Debug|Any CPU
		{E2E8698E-4CD9-46AD-BAA6-265D52F40A50}.Debug|Mixed Platforms.Build.0 = Debug|Any CPU
		{E2E8698E-4CD9-46AD-BAA6-265D52F40A50}.Debug|Mixed Platforms.Deploy.0 = Debug|Any CPU
		{E2E8698E-4CD9-46AD-BAA6-265D52F40A50}.Debug|x86.ActiveCfg = Debug|x86
		{E2E8698E-4CD9-46AD-BAA6-265D52F40A50}.Debug|x86.Build.0 = Debug|x86
		{E2E8698E-4CD9-46AD-BAA6-265D52F40A50}.Debug|x86.Deploy.0 = Debug|x86
		{E2E8698E-4CD9-46AD-BAA6-265D52F40A50}.Release|Any CPU.ActiveCfg = Release|Any CPU
		{E2E8698E-4CD9-46AD-BAA6-265D52F40A50}.Release|Any CPU.Build.0 = Release|Any CPU
		{E2E8698E-4CD9-46AD-BAA6-265D52F40A50}.Release|Any CPU.Deploy.0 = Release|Any CPU
		{E2E8698E-4CD9-46AD-BAA6-265D52F40A50}.Release|ARM.ActiveCfg = Release|ARM
		{E2E8698E-4CD9-46AD-BAA6-265D52F40A50}.Release|ARM.Build.0 = Release|ARM
		{E2E8698E-4CD9-46AD-BAA6-265D52F40A50}.Release|ARM.Deploy.0 = Release|ARM
		{E2E8698E-4CD9-46AD-BAA6-265D52F40A50}.Release|Mixed Platforms.ActiveCfg = Release|ARM
		{E2E8698E-4CD9-46AD-BAA6-265D52F40A50}.Release|Mixed Platforms.Build.0 = Release|ARM
		{E2E8698E-4CD9-46AD-BAA6-265D52F40A50}.Release|Mixed Platforms.Deploy.0 = Release|ARM
		{E2E8698E-4CD9-46AD-BAA6-265D52F40A50}.Release|x86.ActiveCfg = Release|x86
		{E2E8698E-4CD9-46AD-BAA6-265D52F40A50}.Release|x86.Build.0 = Release|x86
		{E2E8698E-4CD9-46AD-BAA6-265D52F40A50}.Release|x86.Deploy.0 = Release|x86
		{27DC6860-A20A-43D5-A3BE-84195ECD940D}.Debug|Any CPU.ActiveCfg = Debug|x86
		{27DC6860-A20A-43D5-A3BE-84195ECD940D}.Debug|Any CPU.Build.0 = Debug|x86
		{27DC6860-A20A-43D5-A3BE-84195ECD940D}.Debug|Any CPU.Deploy.0 = Debug|x86
		{27DC6860-A20A-43D5-A3BE-84195ECD940D}.Debug|ARM.ActiveCfg = Debug|ARM
		{27DC6860-A20A-43D5-A3BE-84195ECD940D}.Debug|ARM.Build.0 = Debug|ARM
		{27DC6860-A20A-43D5-A3BE-84195ECD940D}.Debug|ARM.Deploy.0 = Debug|ARM
		{27DC6860-A20A-43D5-A3BE-84195ECD940D}.Debug|Mixed Platforms.ActiveCfg = Debug|x86
		{27DC6860-A20A-43D5-A3BE-84195ECD940D}.Debug|Mixed Platforms.Build.0 = Debug|x86
		{27DC6860-A20A-43D5-A3BE-84195ECD940D}.Debug|Mixed Platforms.Deploy.0 = Debug|x86
		{27DC6860-A20A-43D5-A3BE-84195ECD940D}.Debug|x86.ActiveCfg = Debug|x86
		{27DC6860-A20A-43D5-A3BE-84195ECD940D}.Debug|x86.Build.0 = Debug|x86
		{27DC6860-A20A-43D5-A3BE-84195ECD940D}.Debug|x86.Deploy.0 = Debug|x86
		{27DC6860-A20A-43D5-A3BE-84195ECD940D}.Release|Any CPU.ActiveCfg = Release|x86
		{27DC6860-A20A-43D5-A3BE-84195ECD940D}.Release|ARM.ActiveCfg = Release|ARM
		{27DC6860-A20A-43D5-A3BE-84195ECD940D}.Release|ARM.Build.0 = Release|ARM
		{27DC6860-A20A-43D5-A3BE-84195ECD940D}.Release|ARM.Deploy.0 = Release|ARM
		{27DC6860-A20A-43D5-A3BE-84195ECD940D}.Release|Mixed Platforms.ActiveCfg = Release|x86
		{27DC6860-A20A-43D5-A3BE-84195ECD940D}.Release|Mixed Platforms.Build.0 = Release|x86
		{27DC6860-A20A-43D5-A3BE-84195ECD940D}.Release|Mixed Platforms.Deploy.0 = Release|x86
		{27DC6860-A20A-43D5-A3BE-84195ECD940D}.Release|x86.ActiveCfg = Release|x86
		{27DC6860-A20A-43D5-A3BE-84195ECD940D}.Release|x86.Build.0 = Release|x86
		{27DC6860-A20A-43D5-A3BE-84195ECD940D}.Release|x86.Deploy.0 = Release|x86
		{9CA97A10-2A49-4383-894C-828D4C75B60F}.Debug|Any CPU.ActiveCfg = Debug|Any CPU
		{9CA97A10-2A49-4383-894C-828D4C75B60F}.Debug|Any CPU.Build.0 = Debug|Any CPU
		{9CA97A10-2A49-4383-894C-828D4C75B60F}.Debug|ARM.ActiveCfg = Debug|ARM
		{9CA97A10-2A49-4383-894C-828D4C75B60F}.Debug|ARM.Build.0 = Debug|ARM
		{9CA97A10-2A49-4383-894C-828D4C75B60F}.Debug|Mixed Platforms.ActiveCfg = Debug|x86
		{9CA97A10-2A49-4383-894C-828D4C75B60F}.Debug|Mixed Platforms.Build.0 = Debug|x86
		{9CA97A10-2A49-4383-894C-828D4C75B60F}.Debug|Mixed Platforms.Deploy.0 = Debug|x86
		{9CA97A10-2A49-4383-894C-828D4C75B60F}.Debug|x86.ActiveCfg = Debug|x86
		{9CA97A10-2A49-4383-894C-828D4C75B60F}.Debug|x86.Build.0 = Debug|x86
		{9CA97A10-2A49-4383-894C-828D4C75B60F}.Release|Any CPU.ActiveCfg = Release|Any CPU
		{9CA97A10-2A49-4383-894C-828D4C75B60F}.Release|Any CPU.Build.0 = Release|Any CPU
		{9CA97A10-2A49-4383-894C-828D4C75B60F}.Release|ARM.ActiveCfg = Release|ARM
		{9CA97A10-2A49-4383-894C-828D4C75B60F}.Release|ARM.Build.0 = Release|ARM
		{9CA97A10-2A49-4383-894C-828D4C75B60F}.Release|Mixed Platforms.ActiveCfg = Release|x86
		{9CA97A10-2A49-4383-894C-828D4C75B60F}.Release|Mixed Platforms.Build.0 = Release|x86
		{9CA97A10-2A49-4383-894C-828D4C75B60F}.Release|x86.ActiveCfg = Release|x86
		{9CA97A10-2A49-4383-894C-828D4C75B60F}.Release|x86.Build.0 = Release|x86
		{1ED2194F-3B91-4772-B37A-2D27C18AD0F2}.Debug|Any CPU.ActiveCfg = Debug|Any CPU
		{1ED2194F-3B91-4772-B37A-2D27C18AD0F2}.Debug|Any CPU.Build.0 = Debug|Any CPU
		{1ED2194F-3B91-4772-B37A-2D27C18AD0F2}.Debug|ARM.ActiveCfg = Debug|ARM
		{1ED2194F-3B91-4772-B37A-2D27C18AD0F2}.Debug|ARM.Build.0 = Debug|ARM
		{1ED2194F-3B91-4772-B37A-2D27C18AD0F2}.Debug|Mixed Platforms.ActiveCfg = Debug|x86
		{1ED2194F-3B91-4772-B37A-2D27C18AD0F2}.Debug|Mixed Platforms.Build.0 = Debug|x86
		{1ED2194F-3B91-4772-B37A-2D27C18AD0F2}.Debug|x86.ActiveCfg = Debug|x86
		{1ED2194F-3B91-4772-B37A-2D27C18AD0F2}.Debug|x86.Build.0 = Debug|x86
		{1ED2194F-3B91-4772-B37A-2D27C18AD0F2}.Release|Any CPU.ActiveCfg = Release|Any CPU
		{1ED2194F-3B91-4772-B37A-2D27C18AD0F2}.Release|Any CPU.Build.0 = Release|Any CPU
		{1ED2194F-3B91-4772-B37A-2D27C18AD0F2}.Release|ARM.ActiveCfg = Release|ARM
		{1ED2194F-3B91-4772-B37A-2D27C18AD0F2}.Release|ARM.Build.0 = Release|ARM
		{1ED2194F-3B91-4772-B37A-2D27C18AD0F2}.Release|Mixed Platforms.ActiveCfg = Release|x86
		{1ED2194F-3B91-4772-B37A-2D27C18AD0F2}.Release|Mixed Platforms.Build.0 = Release|x86
		{1ED2194F-3B91-4772-B37A-2D27C18AD0F2}.Release|x86.ActiveCfg = Release|x86
		{1ED2194F-3B91-4772-B37A-2D27C18AD0F2}.Release|x86.Build.0 = Release|x86
		{0953F59B-FFF2-4140-884D-49F625FE4CFE}.Debug|Any CPU.ActiveCfg = Debug|Any CPU
		{0953F59B-FFF2-4140-884D-49F625FE4CFE}.Debug|Any CPU.Build.0 = Debug|Any CPU
		{0953F59B-FFF2-4140-884D-49F625FE4CFE}.Debug|ARM.ActiveCfg = Debug|Any CPU
		{0953F59B-FFF2-4140-884D-49F625FE4CFE}.Debug|ARM.Build.0 = Debug|Any CPU
		{0953F59B-FFF2-4140-884D-49F625FE4CFE}.Debug|Mixed Platforms.ActiveCfg = Debug|Any CPU
		{0953F59B-FFF2-4140-884D-49F625FE4CFE}.Debug|Mixed Platforms.Build.0 = Debug|Any CPU
		{0953F59B-FFF2-4140-884D-49F625FE4CFE}.Debug|x86.ActiveCfg = Debug|Any CPU
		{0953F59B-FFF2-4140-884D-49F625FE4CFE}.Debug|x86.Build.0 = Debug|Any CPU
		{0953F59B-FFF2-4140-884D-49F625FE4CFE}.Release|Any CPU.ActiveCfg = Release|Any CPU
		{0953F59B-FFF2-4140-884D-49F625FE4CFE}.Release|Any CPU.Build.0 = Release|Any CPU
		{0953F59B-FFF2-4140-884D-49F625FE4CFE}.Release|ARM.ActiveCfg = Release|Any CPU
		{0953F59B-FFF2-4140-884D-49F625FE4CFE}.Release|ARM.Build.0 = Release|Any CPU
		{0953F59B-FFF2-4140-884D-49F625FE4CFE}.Release|Mixed Platforms.ActiveCfg = Release|Any CPU
		{0953F59B-FFF2-4140-884D-49F625FE4CFE}.Release|Mixed Platforms.Build.0 = Release|Any CPU
		{0953F59B-FFF2-4140-884D-49F625FE4CFE}.Release|x86.ActiveCfg = Release|Any CPU
		{0953F59B-FFF2-4140-884D-49F625FE4CFE}.Release|x86.Build.0 = Release|Any CPU
		{46B41897-93EB-4F8A-86D9-D6B0A2542018}.Debug|Any CPU.ActiveCfg = Debug|Any CPU
		{46B41897-93EB-4F8A-86D9-D6B0A2542018}.Debug|ARM.ActiveCfg = Debug|Any CPU
		{46B41897-93EB-4F8A-86D9-D6B0A2542018}.Debug|Mixed Platforms.ActiveCfg = Debug|Any CPU
		{46B41897-93EB-4F8A-86D9-D6B0A2542018}.Debug|x86.ActiveCfg = Debug|Any CPU
		{46B41897-93EB-4F8A-86D9-D6B0A2542018}.Release|Any CPU.ActiveCfg = Release|Any CPU
		{46B41897-93EB-4F8A-86D9-D6B0A2542018}.Release|ARM.ActiveCfg = Release|Any CPU
		{46B41897-93EB-4F8A-86D9-D6B0A2542018}.Release|Mixed Platforms.ActiveCfg = Release|Any CPU
		{46B41897-93EB-4F8A-86D9-D6B0A2542018}.Release|x86.ActiveCfg = Release|Any CPU
	EndGlobalSection
	GlobalSection(SolutionProperties) = preSolution
		HideSolutionNode = FALSE
	EndGlobalSection
EndGlobal
